
Microsoft Visual Studio Solution File, Format Version 12.00
# Visual Studio Version 17
VisualStudioVersion = 17.8.34330.188
MinimumVisualStudioVersion = 10.0.40219.1
Project("{9A19103F-16F7-4668-BE54-9A1E7A4F7556}") = "BeanFastApi", "BeanFastApi.csproj", "{30138FC6-E991-4CA6-B460-335AE5C5B895}"
EndProject
Project("{9A19103F-16F7-4668-BE54-9A1E7A4F7556}") = "BusinessObjects", "..\BusinessObjects\BusinessObjects.csproj", "{D8D772DC-754F-46B6-814A-39425D2031CE}"
EndProject
Project("{9A19103F-16F7-4668-BE54-9A1E7A4F7556}") = "DataTransferObjects", "..\DataTransferObjects\DataTransferObjects.csproj", "{78CD4306-ECD3-4BF9-9DE3-C4FBB65A8410}"
EndProject
Project("{9A19103F-16F7-4668-BE54-9A1E7A4F7556}") = "Repositories", "..\Repositories\Repositories.csproj", "{88D81387-1B11-4EB2-8322-66FB7145AA89}"
EndProject
Project("{9A19103F-16F7-4668-BE54-9A1E7A4F7556}") = "Utilities", "..\Utilities\Utilities.csproj", "{FCE77171-018C-46A3-953C-A783406EB81D}"
EndProject
Global
	GlobalSection(SolutionConfigurationPlatforms) = preSolution
		Debug|Any CPU = Debug|Any CPU
		Release|Any CPU = Release|Any CPU
	EndGlobalSection
	GlobalSection(ProjectConfigurationPlatforms) = postSolution
		{30138FC6-E991-4CA6-B460-335AE5C5B895}.Debug|Any CPU.ActiveCfg = Debug|Any CPU
		{30138FC6-E991-4CA6-B460-335AE5C5B895}.Debug|Any CPU.Build.0 = Debug|Any CPU
		{30138FC6-E991-4CA6-B460-335AE5C5B895}.Release|Any CPU.ActiveCfg = Release|Any CPU
		{30138FC6-E991-4CA6-B460-335AE5C5B895}.Release|Any CPU.Build.0 = Release|Any CPU
		{D8D772DC-754F-46B6-814A-39425D2031CE}.Debug|Any CPU.ActiveCfg = Debug|Any CPU
		{D8D772DC-754F-46B6-814A-39425D2031CE}.Debug|Any CPU.Build.0 = Debug|Any CPU
		{D8D772DC-754F-46B6-814A-39425D2031CE}.Release|Any CPU.ActiveCfg = Release|Any CPU
		{D8D772DC-754F-46B6-814A-39425D2031CE}.Release|Any CPU.Build.0 = Release|Any CPU
		{78CD4306-ECD3-4BF9-9DE3-C4FBB65A8410}.Debug|Any CPU.ActiveCfg = Debug|Any CPU
		{78CD4306-ECD3-4BF9-9DE3-C4FBB65A8410}.Debug|Any CPU.Build.0 = Debug|Any CPU
		{78CD4306-ECD3-4BF9-9DE3-C4FBB65A8410}.Release|Any CPU.ActiveCfg = Release|Any CPU
		{78CD4306-ECD3-4BF9-9DE3-C4FBB65A8410}.Release|Any CPU.Build.0 = Release|Any CPU
		{88D81387-1B11-4EB2-8322-66FB7145AA89}.Debug|Any CPU.ActiveCfg = Debug|Any CPU
		{88D81387-1B11-4EB2-8322-66FB7145AA89}.Debug|Any CPU.Build.0 = Debug|Any CPU
		{88D81387-1B11-4EB2-8322-66FB7145AA89}.Release|Any CPU.ActiveCfg = Release|Any CPU
		{88D81387-1B11-4EB2-8322-66FB7145AA89}.Release|Any CPU.Build.0 = Release|Any CPU
		{FCE77171-018C-46A3-953C-A783406EB81D}.Debug|Any CPU.ActiveCfg = Debug|Any CPU
		{FCE77171-018C-46A3-953C-A783406EB81D}.Debug|Any CPU.Build.0 = Debug|Any CPU
		{FCE77171-018C-46A3-953C-A783406EB81D}.Release|Any CPU.ActiveCfg = Release|Any CPU
		{FCE77171-018C-46A3-953C-A783406EB81D}.Release|Any CPU.Build.0 = Release|Any CPU
	EndGlobalSection
	GlobalSection(SolutionProperties) = preSolution
		HideSolutionNode = FALSE
	EndGlobalSection
	GlobalSection(ExtensibilityGlobals) = postSolution
		SolutionGuid = {02B48805-B55D-413C-B46A-5630FA1C0782}
	EndGlobalSection
EndGlobal
